
Microsoft Visual Studio Solution File, Format Version 12.00
# Visual Studio Version 17
VisualStudioVersion = 17.3.32929.385
MinimumVisualStudioVersion = 10.0.40219.1
Project("{FAE04EC0-301F-11D3-BF4B-00C04F79EFBC}") = "SampleWebApp", "SampleWebApp\SampleWebApp.csproj", "{7800D2CF-7147-478F-8A2F-3AE9C04981AD}"
EndProject
Global
	GlobalSection(SolutionConfigurationPlatforms) = preSolution
		Debug|Any CPU = Debug|Any CPU
		Release|Any CPU = Release|Any CPU
	EndGlobalSection
	GlobalSection(ProjectConfigurationPlatforms) = postSolution
		{7800D2CF-7147-478F-8A2F-3AE9C04981AD}.Debug|Any CPU.ActiveCfg = Debug|Any CPU
		{7800D2CF-7147-478F-8A2F-3AE9C04981AD}.Debug|Any CPU.Build.0 = Debug|Any CPU
		{7800D2CF-7147-478F-8A2F-3AE9C04981AD}.Release|Any CPU.ActiveCfg = Release|Any CPU
		{7800D2CF-7147-478F-8A2F-3AE9C04981AD}.Release|Any CPU.Build.0 = Release|Any CPU
	EndGlobalSection
	GlobalSection(SolutionProperties) = preSolution
		HideSolutionNode = FALSE
	EndGlobalSection
	GlobalSection(ExtensibilityGlobals) = postSolution
		SolutionGuid = {501B09FA-7495-4DD9-B6EC-55B808989BDD}
	EndGlobalSection
EndGlobal
